// !$*UTF8*$!
{
	archiveVersion = 1;
	classes = {
	};
	objectVersion = 56;
	objects = {

/* Begin PBXBuildFile section */
		52234D7A2A2D80F500E5FF12 /* ProductDetailView.swift in Sources */ = {isa = PBXBuildFile; fileRef = 52234D792A2D80F500E5FF12 /* ProductDetailView.swift */; };
		52234D7C2A2D826A00E5FF12 /* NavigationBarDetailView.swift in Sources */ = {isa = PBXBuildFile; fileRef = 52234D7B2A2D826A00E5FF12 /* NavigationBarDetailView.swift */; };
		52234D7E2A2D839D00E5FF12 /* HeaderDetailView.swift in Sources */ = {isa = PBXBuildFile; fileRef = 52234D7D2A2D839D00E5FF12 /* HeaderDetailView.swift */; };
		52234D802A2D846B00E5FF12 /* TopPartDetailView.swift in Sources */ = {isa = PBXBuildFile; fileRef = 52234D7F2A2D846B00E5FF12 /* TopPartDetailView.swift */; };
		52234D822A2D919E00E5FF12 /* CustomShape.swift in Sources */ = {isa = PBXBuildFile; fileRef = 52234D812A2D919E00E5FF12 /* CustomShape.swift */; };
		52234D842A2D933000E5FF12 /* RatingSizesDetailView.swift in Sources */ = {isa = PBXBuildFile; fileRef = 52234D832A2D933000E5FF12 /* RatingSizesDetailView.swift */; };
		52234D862A2D969700E5FF12 /* QuantityFavouriteDetailView.swift in Sources */ = {isa = PBXBuildFile; fileRef = 52234D852A2D969700E5FF12 /* QuantityFavouriteDetailView.swift */; };
		52234D882A2D980C00E5FF12 /* AddToCartDetailView.swift in Sources */ = {isa = PBXBuildFile; fileRef = 52234D872A2D980C00E5FF12 /* AddToCartDetailView.swift */; };
		52234D8A2A2D99BD00E5FF12 /* Shop.swift in Sources */ = {isa = PBXBuildFile; fileRef = 52234D892A2D99BD00E5FF12 /* Shop.swift */; };
		5276A7922A25E2720087C60F /* TouchdownApp.swift in Sources */ = {isa = PBXBuildFile; fileRef = 5276A7912A25E2720087C60F /* TouchdownApp.swift */; };
		5276A7942A25E2720087C60F /* ContentView.swift in Sources */ = {isa = PBXBuildFile; fileRef = 5276A7932A25E2720087C60F /* ContentView.swift */; };
		5276A7962A25E2750087C60F /* Assets.xcassets in Resources */ = {isa = PBXBuildFile; fileRef = 5276A7952A25E2750087C60F /* Assets.xcassets */; };
		5276A7992A25E2750087C60F /* Preview Assets.xcassets in Resources */ = {isa = PBXBuildFile; fileRef = 5276A7982A25E2750087C60F /* Preview Assets.xcassets */; };
		5276A7A32A25E3420087C60F /* player.json in Resources */ = {isa = PBXBuildFile; fileRef = 5276A79F2A25E3410087C60F /* player.json */; };
		5276A7A42A25E3420087C60F /* product.json in Resources */ = {isa = PBXBuildFile; fileRef = 5276A7A02A25E3410087C60F /* product.json */; };
		5276A7A52A25E3420087C60F /* brand.json in Resources */ = {isa = PBXBuildFile; fileRef = 5276A7A12A25E3410087C60F /* brand.json */; };
		5276A7A62A25E3420087C60F /* category.json in Resources */ = {isa = PBXBuildFile; fileRef = 5276A7A22A25E3420087C60F /* category.json */; };
		5276A7B02A25E9FF0087C60F /* Constant.swift in Sources */ = {isa = PBXBuildFile; fileRef = 5276A7AF2A25E9FF0087C60F /* Constant.swift */; };
		5276A7B42A25EABF0087C60F /* FooterView.swift in Sources */ = {isa = PBXBuildFile; fileRef = 5276A7B32A25EABF0087C60F /* FooterView.swift */; };
		5276A7B62A25EF8A0087C60F /* NavigationBarView.swift in Sources */ = {isa = PBXBuildFile; fileRef = 5276A7B52A25EF890087C60F /* NavigationBarView.swift */; };
		5276A7B82A25F1AD0087C60F /* LogoView.swift in Sources */ = {isa = PBXBuildFile; fileRef = 5276A7B72A25F1AD0087C60F /* LogoView.swift */; };
		529B08B32A2621E70090D31D /* PlayerModel.swift in Sources */ = {isa = PBXBuildFile; fileRef = 529B08B22A2621E70090D31D /* PlayerModel.swift */; };
		529B08B52A2622420090D31D /* CodableBundleExtension.swift in Sources */ = {isa = PBXBuildFile; fileRef = 529B08B42A2622420090D31D /* CodableBundleExtension.swift */; };
		529B08B72A2623FD0090D31D /* FeaturedItemView.swift in Sources */ = {isa = PBXBuildFile; fileRef = 529B08B62A2623FD0090D31D /* FeaturedItemView.swift */; };
		529B08B92A2624F90090D31D /* FeaturedTabView.swift in Sources */ = {isa = PBXBuildFile; fileRef = 529B08B82A2624F90090D31D /* FeaturedTabView.swift */; };
		529B08BB2A2627820090D31D /* CategoryModel.swift in Sources */ = {isa = PBXBuildFile; fileRef = 529B08BA2A2627820090D31D /* CategoryModel.swift */; };
		529B08BD2A2628A50090D31D /* CategoryItemView.swift in Sources */ = {isa = PBXBuildFile; fileRef = 529B08BC2A2628A50090D31D /* CategoryItemView.swift */; };
		529B08BF2A262A700090D31D /* CategoryGridView.swift in Sources */ = {isa = PBXBuildFile; fileRef = 529B08BE2A262A700090D31D /* CategoryGridView.swift */; };
		529B08C12A262BFC0090D31D /* SectionView.swift in Sources */ = {isa = PBXBuildFile; fileRef = 529B08C02A262BFC0090D31D /* SectionView.swift */; };
		52C3E8792A272C4D00E05182 /* BrandModel.swift in Sources */ = {isa = PBXBuildFile; fileRef = 52C3E8782A272C4D00E05182 /* BrandModel.swift */; };
		52C3E87B2A272CA800E05182 /* BrandItemView.swift in Sources */ = {isa = PBXBuildFile; fileRef = 52C3E87A2A272CA800E05182 /* BrandItemView.swift */; };
		52C3E87D2A272D7000E05182 /* BrandGridView.swift in Sources */ = {isa = PBXBuildFile; fileRef = 52C3E87C2A272D7000E05182 /* BrandGridView.swift */; };
		52F349FE2A272560009317C0 /* TitleView.swift in Sources */ = {isa = PBXBuildFile; fileRef = 52F349FD2A272560009317C0 /* TitleView.swift */; };
		52F34A002A2726BC009317C0 /* ProductModel.swift in Sources */ = {isa = PBXBuildFile; fileRef = 52F349FF2A2726BC009317C0 /* ProductModel.swift */; };
		52F34A022A27274A009317C0 /* ProductItemView.swift in Sources */ = {isa = PBXBuildFile; fileRef = 52F34A012A27274A009317C0 /* ProductItemView.swift */; };
/* End PBXBuildFile section */

/* Begin PBXFileReference section */
		52234D792A2D80F500E5FF12 /* ProductDetailView.swift */ = {isa = PBXFileReference; lastKnownFileType = sourcecode.swift; path = ProductDetailView.swift; sourceTree = "<group>"; };
		52234D7B2A2D826A00E5FF12 /* NavigationBarDetailView.swift */ = {isa = PBXFileReference; lastKnownFileType = sourcecode.swift; path = NavigationBarDetailView.swift; sourceTree = "<group>"; };
		52234D7D2A2D839D00E5FF12 /* HeaderDetailView.swift */ = {isa = PBXFileReference; lastKnownFileType = sourcecode.swift; path = HeaderDetailView.swift; sourceTree = "<group>"; };
		52234D7F2A2D846B00E5FF12 /* TopPartDetailView.swift */ = {isa = PBXFileReference; lastKnownFileType = sourcecode.swift; path = TopPartDetailView.swift; sourceTree = "<group>"; };
		52234D812A2D919E00E5FF12 /* CustomShape.swift */ = {isa = PBXFileReference; lastKnownFileType = sourcecode.swift; path = CustomShape.swift; sourceTree = "<group>"; };
		52234D832A2D933000E5FF12 /* RatingSizesDetailView.swift */ = {isa = PBXFileReference; lastKnownFileType = sourcecode.swift; path = RatingSizesDetailView.swift; sourceTree = "<group>"; };
		52234D852A2D969700E5FF12 /* QuantityFavouriteDetailView.swift */ = {isa = PBXFileReference; lastKnownFileType = sourcecode.swift; path = QuantityFavouriteDetailView.swift; sourceTree = "<group>"; };
		52234D872A2D980C00E5FF12 /* AddToCartDetailView.swift */ = {isa = PBXFileReference; lastKnownFileType = sourcecode.swift; path = AddToCartDetailView.swift; sourceTree = "<group>"; };
		52234D892A2D99BD00E5FF12 /* Shop.swift */ = {isa = PBXFileReference; lastKnownFileType = sourcecode.swift; path = Shop.swift; sourceTree = "<group>"; };
		5276A78E2A25E2720087C60F /* Touchdown.app */ = {isa = PBXFileReference; explicitFileType = wrapper.application; includeInIndex = 0; path = Touchdown.app; sourceTree = BUILT_PRODUCTS_DIR; };
		5276A7912A25E2720087C60F /* TouchdownApp.swift */ = {isa = PBXFileReference; lastKnownFileType = sourcecode.swift; path = TouchdownApp.swift; sourceTree = "<group>"; };
		5276A7932A25E2720087C60F /* ContentView.swift */ = {isa = PBXFileReference; lastKnownFileType = sourcecode.swift; path = ContentView.swift; sourceTree = "<group>"; };
		5276A7952A25E2750087C60F /* Assets.xcassets */ = {isa = PBXFileReference; lastKnownFileType = folder.assetcatalog; path = Assets.xcassets; sourceTree = "<group>"; };
		5276A7982A25E2750087C60F /* Preview Assets.xcassets */ = {isa = PBXFileReference; lastKnownFileType = folder.assetcatalog; path = "Preview Assets.xcassets"; sourceTree = "<group>"; };
		5276A79F2A25E3410087C60F /* player.json */ = {isa = PBXFileReference; fileEncoding = 4; lastKnownFileType = text.json; path = player.json; sourceTree = "<group>"; };
		5276A7A02A25E3410087C60F /* product.json */ = {isa = PBXFileReference; fileEncoding = 4; lastKnownFileType = text.json; path = product.json; sourceTree = "<group>"; };
		5276A7A12A25E3410087C60F /* brand.json */ = {isa = PBXFileReference; fileEncoding = 4; lastKnownFileType = text.json; path = brand.json; sourceTree = "<group>"; };
		5276A7A22A25E3420087C60F /* category.json */ = {isa = PBXFileReference; fileEncoding = 4; lastKnownFileType = text.json; path = category.json; sourceTree = "<group>"; };
		5276A7A92A25E3A20087C60F /* Info.plist */ = {isa = PBXFileReference; lastKnownFileType = text.plist; path = Info.plist; sourceTree = "<group>"; };
		5276A7AF2A25E9FF0087C60F /* Constant.swift */ = {isa = PBXFileReference; lastKnownFileType = sourcecode.swift; path = Constant.swift; sourceTree = "<group>"; };
		5276A7B32A25EABF0087C60F /* FooterView.swift */ = {isa = PBXFileReference; lastKnownFileType = sourcecode.swift; path = FooterView.swift; sourceTree = "<group>"; };
		5276A7B52A25EF890087C60F /* NavigationBarView.swift */ = {isa = PBXFileReference; lastKnownFileType = sourcecode.swift; path = NavigationBarView.swift; sourceTree = "<group>"; };
		5276A7B72A25F1AD0087C60F /* LogoView.swift */ = {isa = PBXFileReference; lastKnownFileType = sourcecode.swift; path = LogoView.swift; sourceTree = "<group>"; };
		529B08B22A2621E70090D31D /* PlayerModel.swift */ = {isa = PBXFileReference; lastKnownFileType = sourcecode.swift; path = PlayerModel.swift; sourceTree = "<group>"; };
		529B08B42A2622420090D31D /* CodableBundleExtension.swift */ = {isa = PBXFileReference; lastKnownFileType = sourcecode.swift; path = CodableBundleExtension.swift; sourceTree = "<group>"; };
		529B08B62A2623FD0090D31D /* FeaturedItemView.swift */ = {isa = PBXFileReference; lastKnownFileType = sourcecode.swift; path = FeaturedItemView.swift; sourceTree = "<group>"; };
		529B08B82A2624F90090D31D /* FeaturedTabView.swift */ = {isa = PBXFileReference; lastKnownFileType = sourcecode.swift; path = FeaturedTabView.swift; sourceTree = "<group>"; };
		529B08BA2A2627820090D31D /* CategoryModel.swift */ = {isa = PBXFileReference; lastKnownFileType = sourcecode.swift; path = CategoryModel.swift; sourceTree = "<group>"; };
		529B08BC2A2628A50090D31D /* CategoryItemView.swift */ = {isa = PBXFileReference; lastKnownFileType = sourcecode.swift; path = CategoryItemView.swift; sourceTree = "<group>"; };
		529B08BE2A262A700090D31D /* CategoryGridView.swift */ = {isa = PBXFileReference; lastKnownFileType = sourcecode.swift; path = CategoryGridView.swift; sourceTree = "<group>"; };
		529B08C02A262BFC0090D31D /* SectionView.swift */ = {isa = PBXFileReference; lastKnownFileType = sourcecode.swift; path = SectionView.swift; sourceTree = "<group>"; };
		52C3E8782A272C4D00E05182 /* BrandModel.swift */ = {isa = PBXFileReference; lastKnownFileType = sourcecode.swift; path = BrandModel.swift; sourceTree = "<group>"; };
		52C3E87A2A272CA800E05182 /* BrandItemView.swift */ = {isa = PBXFileReference; lastKnownFileType = sourcecode.swift; path = BrandItemView.swift; sourceTree = "<group>"; };
		52C3E87C2A272D7000E05182 /* BrandGridView.swift */ = {isa = PBXFileReference; lastKnownFileType = sourcecode.swift; path = BrandGridView.swift; sourceTree = "<group>"; };
		52F349FD2A272560009317C0 /* TitleView.swift */ = {isa = PBXFileReference; lastKnownFileType = sourcecode.swift; path = TitleView.swift; sourceTree = "<group>"; };
		52F349FF2A2726BC009317C0 /* ProductModel.swift */ = {isa = PBXFileReference; lastKnownFileType = sourcecode.swift; path = ProductModel.swift; sourceTree = "<group>"; };
		52F34A012A27274A009317C0 /* ProductItemView.swift */ = {isa = PBXFileReference; lastKnownFileType = sourcecode.swift; path = ProductItemView.swift; sourceTree = "<group>"; };
/* End PBXFileReference section */

/* Begin PBXFrameworksBuildPhase section */
		5276A78B2A25E2720087C60F /* Frameworks */ = {
			isa = PBXFrameworksBuildPhase;
			buildActionMask = 2147483647;
			files = (
			);
			runOnlyForDeploymentPostprocessing = 0;
		};
/* End PBXFrameworksBuildPhase section */

/* Begin PBXGroup section */
		5276A7852A25E2720087C60F = {
			isa = PBXGroup;
			children = (
				5276A7902A25E2720087C60F /* Touchdown */,
				5276A78F2A25E2720087C60F /* Products */,
			);
			sourceTree = "<group>";
		};
		5276A78F2A25E2720087C60F /* Products */ = {
			isa = PBXGroup;
			children = (
				5276A78E2A25E2720087C60F /* Touchdown.app */,
			);
			name = Products;
			sourceTree = "<group>";
		};
		5276A7902A25E2720087C60F /* Touchdown */ = {
			isa = PBXGroup;
			children = (
				5276A7AE2A25E9E10087C60F /* Utility */,
				5276A7AD2A25E9D30087C60F /* Extension */,
				5276A7AC2A25E9A90087C60F /* Model */,
				5276A7AB2A25E98F0087C60F /* View */,
				5276A7A92A25E3A20087C60F /* Info.plist */,
				5276A7A82A25E3620087C60F /* Data */,
				5276A7AA2A25E9880087C60F /* App */,
				5276A7952A25E2750087C60F /* Assets.xcassets */,
				5276A7972A25E2750087C60F /* Preview Content */,
			);
			path = Touchdown;
			sourceTree = "<group>";
		};
		5276A7972A25E2750087C60F /* Preview Content */ = {
			isa = PBXGroup;
			children = (
				5276A7982A25E2750087C60F /* Preview Assets.xcassets */,
			);
			path = "Preview Content";
			sourceTree = "<group>";
		};
		5276A7A82A25E3620087C60F /* Data */ = {
			isa = PBXGroup;
			children = (
				5276A7A12A25E3410087C60F /* brand.json */,
				5276A7A22A25E3420087C60F /* category.json */,
				5276A79F2A25E3410087C60F /* player.json */,
				5276A7A02A25E3410087C60F /* product.json */,
			);
			path = Data;
			sourceTree = "<group>";
		};
		5276A7AA2A25E9880087C60F /* App */ = {
			isa = PBXGroup;
			children = (
				5276A7912A25E2720087C60F /* TouchdownApp.swift */,
				5276A7932A25E2720087C60F /* ContentView.swift */,
				52234D792A2D80F500E5FF12 /* ProductDetailView.swift */,
			);
			path = App;
			sourceTree = "<group>";
		};
		5276A7AB2A25E98F0087C60F /* View */ = {
			isa = PBXGroup;
			children = (
				5276A7B22A25EAAA0087C60F /* Home */,
				5276A7B12A25EAA20087C60F /* Detail */,
			);
			path = View;
			sourceTree = "<group>";
		};
		5276A7AC2A25E9A90087C60F /* Model */ = {
			isa = PBXGroup;
			children = (
				529B08B22A2621E70090D31D /* PlayerModel.swift */,
				529B08BA2A2627820090D31D /* CategoryModel.swift */,
				52F349FF2A2726BC009317C0 /* ProductModel.swift */,
				52C3E8782A272C4D00E05182 /* BrandModel.swift */,
			);
			path = Model;
			sourceTree = "<group>";
		};
		5276A7AD2A25E9D30087C60F /* Extension */ = {
			isa = PBXGroup;
			children = (
				529B08B42A2622420090D31D /* CodableBundleExtension.swift */,
			);
			path = Extension;
			sourceTree = "<group>";
		};
		5276A7AE2A25E9E10087C60F /* Utility */ = {
			isa = PBXGroup;
			children = (
				5276A7AF2A25E9FF0087C60F /* Constant.swift */,
				52234D812A2D919E00E5FF12 /* CustomShape.swift */,
				52234D892A2D99BD00E5FF12 /* Shop.swift */,
			);
			path = Utility;
			sourceTree = "<group>";
		};
		5276A7B12A25EAA20087C60F /* Detail */ = {
			isa = PBXGroup;
			children = (
				52234D7B2A2D826A00E5FF12 /* NavigationBarDetailView.swift */,
				52234D7D2A2D839D00E5FF12 /* HeaderDetailView.swift */,
				52234D7F2A2D846B00E5FF12 /* TopPartDetailView.swift */,
				52234D832A2D933000E5FF12 /* RatingSizesDetailView.swift */,
				52234D852A2D969700E5FF12 /* QuantityFavouriteDetailView.swift */,
				52234D872A2D980C00E5FF12 /* AddToCartDetailView.swift */,
			);
			path = Detail;
			sourceTree = "<group>";
		};
		5276A7B22A25EAAA0087C60F /* Home */ = {
			isa = PBXGroup;
			children = (
				5276A7B32A25EABF0087C60F /* FooterView.swift */,
				5276A7B52A25EF890087C60F /* NavigationBarView.swift */,
				5276A7B72A25F1AD0087C60F /* LogoView.swift */,
				529B08B62A2623FD0090D31D /* FeaturedItemView.swift */,
				529B08B82A2624F90090D31D /* FeaturedTabView.swift */,
				529B08BC2A2628A50090D31D /* CategoryItemView.swift */,
				529B08BE2A262A700090D31D /* CategoryGridView.swift */,
				529B08C02A262BFC0090D31D /* SectionView.swift */,
				52F349FD2A272560009317C0 /* TitleView.swift */,
				52F34A012A27274A009317C0 /* ProductItemView.swift */,
				52C3E87A2A272CA800E05182 /* BrandItemView.swift */,
				52C3E87C2A272D7000E05182 /* BrandGridView.swift */,
			);
			path = Home;
			sourceTree = "<group>";
		};
/* End PBXGroup section */

/* Begin PBXNativeTarget section */
		5276A78D2A25E2720087C60F /* Touchdown */ = {
			isa = PBXNativeTarget;
			buildConfigurationList = 5276A79C2A25E2750087C60F /* Build configuration list for PBXNativeTarget "Touchdown" */;
			buildPhases = (
				5276A78A2A25E2720087C60F /* Sources */,
				5276A78B2A25E2720087C60F /* Frameworks */,
				5276A78C2A25E2720087C60F /* Resources */,
			);
			buildRules = (
			);
			dependencies = (
			);
			name = Touchdown;
			productName = Touchdown;
			productReference = 5276A78E2A25E2720087C60F /* Touchdown.app */;
			productType = "com.apple.product-type.application";
		};
/* End PBXNativeTarget section */

/* Begin PBXProject section */
		5276A7862A25E2720087C60F /* Project object */ = {
			isa = PBXProject;
			attributes = {
				BuildIndependentTargetsInParallel = 1;
				LastSwiftUpdateCheck = 1420;
				LastUpgradeCheck = 1420;
				TargetAttributes = {
					5276A78D2A25E2720087C60F = {
						CreatedOnToolsVersion = 14.2;
					};
				};
			};
			buildConfigurationList = 5276A7892A25E2720087C60F /* Build configuration list for PBXProject "Touchdown" */;
			compatibilityVersion = "Xcode 14.0";
			developmentRegion = en;
			hasScannedForEncodings = 0;
			knownRegions = (
				en,
				Base,
			);
			mainGroup = 5276A7852A25E2720087C60F;
			productRefGroup = 5276A78F2A25E2720087C60F /* Products */;
			projectDirPath = "";
			projectRoot = "";
			targets = (
				5276A78D2A25E2720087C60F /* Touchdown */,
			);
		};
/* End PBXProject section */

/* Begin PBXResourcesBuildPhase section */
		5276A78C2A25E2720087C60F /* Resources */ = {
			isa = PBXResourcesBuildPhase;
			buildActionMask = 2147483647;
			files = (
				5276A7A32A25E3420087C60F /* player.json in Resources */,
				5276A7A52A25E3420087C60F /* brand.json in Resources */,
				5276A7A42A25E3420087C60F /* product.json in Resources */,
				5276A7A62A25E3420087C60F /* category.json in Resources */,
				5276A7992A25E2750087C60F /* Preview Assets.xcassets in Resources */,
				5276A7962A25E2750087C60F /* Assets.xcassets in Resources */,
			);
			runOnlyForDeploymentPostprocessing = 0;
		};
/* End PBXResourcesBuildPhase section */

/* Begin PBXSourcesBuildPhase section */
		5276A78A2A25E2720087C60F /* Sources */ = {
			isa = PBXSourcesBuildPhase;
			buildActionMask = 2147483647;
			files = (
				529B08B52A2622420090D31D /* CodableBundleExtension.swift in Sources */,
				52234D7E2A2D839D00E5FF12 /* HeaderDetailView.swift in Sources */,
				52234D802A2D846B00E5FF12 /* TopPartDetailView.swift in Sources */,
				5276A7942A25E2720087C60F /* ContentView.swift in Sources */,
				5276A7B82A25F1AD0087C60F /* LogoView.swift in Sources */,
				5276A7922A25E2720087C60F /* TouchdownApp.swift in Sources */,
				529B08B72A2623FD0090D31D /* FeaturedItemView.swift in Sources */,
				52F34A022A27274A009317C0 /* ProductItemView.swift in Sources */,
				52234D882A2D980C00E5FF12 /* AddToCartDetailView.swift in Sources */,
				52C3E87D2A272D7000E05182 /* BrandGridView.swift in Sources */,
				5276A7B42A25EABF0087C60F /* FooterView.swift in Sources */,
				52234D7A2A2D80F500E5FF12 /* ProductDetailView.swift in Sources */,
				52234D7C2A2D826A00E5FF12 /* NavigationBarDetailView.swift in Sources */,
				5276A7B02A25E9FF0087C60F /* Constant.swift in Sources */,
				529B08BF2A262A700090D31D /* CategoryGridView.swift in Sources */,
				529B08BB2A2627820090D31D /* CategoryModel.swift in Sources */,
				5276A7B62A25EF8A0087C60F /* NavigationBarView.swift in Sources */,
				529B08C12A262BFC0090D31D /* SectionView.swift in Sources */,
				52C3E87B2A272CA800E05182 /* BrandItemView.swift in Sources */,
				529B08BD2A2628A50090D31D /* CategoryItemView.swift in Sources */,
				52234D842A2D933000E5FF12 /* RatingSizesDetailView.swift in Sources */,
				529B08B92A2624F90090D31D /* FeaturedTabView.swift in Sources */,
				52234D822A2D919E00E5FF12 /* CustomShape.swift in Sources */,
				529B08B32A2621E70090D31D /* PlayerModel.swift in Sources */,
				52234D8A2A2D99BD00E5FF12 /* Shop.swift in Sources */,
				52C3E8792A272C4D00E05182 /* BrandModel.swift in Sources */,
				52F349FE2A272560009317C0 /* TitleView.swift in Sources */,
				52234D862A2D969700E5FF12 /* QuantityFavouriteDetailView.swift in Sources */,
				52F34A002A2726BC009317C0 /* ProductModel.swift in Sources */,
			);
			runOnlyForDeploymentPostprocessing = 0;
		};
/* End PBXSourcesBuildPhase section */

/* Begin XCBuildConfiguration section */
		5276A79A2A25E2750087C60F /* Debug */ = {
			isa = XCBuildConfiguration;
			buildSettings = {
				ALWAYS_SEARCH_USER_PATHS = NO;
				CLANG_ANALYZER_NONNULL = YES;
				CLANG_ANALYZER_NUMBER_OBJECT_CONVERSION = YES_AGGRESSIVE;
				CLANG_CXX_LANGUAGE_STANDARD = "gnu++20";
				CLANG_ENABLE_MODULES = YES;
				CLANG_ENABLE_OBJC_ARC = YES;
				CLANG_ENABLE_OBJC_WEAK = YES;
				CLANG_WARN_BLOCK_CAPTURE_AUTORELEASING = YES;
				CLANG_WARN_BOOL_CONVERSION = YES;
				CLANG_WARN_COMMA = YES;
				CLANG_WARN_CONSTANT_CONVERSION = YES;
				CLANG_WARN_DEPRECATED_OBJC_IMPLEMENTATIONS = YES;
				CLANG_WARN_DIRECT_OBJC_ISA_USAGE = YES_ERROR;
				CLANG_WARN_DOCUMENTATION_COMMENTS = YES;
				CLANG_WARN_EMPTY_BODY = YES;
				CLANG_WARN_ENUM_CONVERSION = YES;
				CLANG_WARN_INFINITE_RECURSION = YES;
				CLANG_WARN_INT_CONVERSION = YES;
				CLANG_WARN_NON_LITERAL_NULL_CONVERSION = YES;
				CLANG_WARN_OBJC_IMPLICIT_RETAIN_SELF = YES;
				CLANG_WARN_OBJC_LITERAL_CONVERSION = YES;
				CLANG_WARN_OBJC_ROOT_CLASS = YES_ERROR;
				CLANG_WARN_QUOTED_INCLUDE_IN_FRAMEWORK_HEADER = YES;
				CLANG_WARN_RANGE_LOOP_ANALYSIS = YES;
				CLANG_WARN_STRICT_PROTOTYPES = YES;
				CLANG_WARN_SUSPICIOUS_MOVE = YES;
				CLANG_WARN_UNGUARDED_AVAILABILITY = YES_AGGRESSIVE;
				CLANG_WARN_UNREACHABLE_CODE = YES;
				CLANG_WARN__DUPLICATE_METHOD_MATCH = YES;
				COPY_PHASE_STRIP = NO;
				DEBUG_INFORMATION_FORMAT = dwarf;
				ENABLE_STRICT_OBJC_MSGSEND = YES;
				ENABLE_TESTABILITY = YES;
				GCC_C_LANGUAGE_STANDARD = gnu11;
				GCC_DYNAMIC_NO_PIC = NO;
				GCC_NO_COMMON_BLOCKS = YES;
				GCC_OPTIMIZATION_LEVEL = 0;
				GCC_PREPROCESSOR_DEFINITIONS = (
					"DEBUG=1",
					"$(inherited)",
				);
				GCC_WARN_64_TO_32_BIT_CONVERSION = YES;
				GCC_WARN_ABOUT_RETURN_TYPE = YES_ERROR;
				GCC_WARN_UNDECLARED_SELECTOR = YES;
				GCC_WARN_UNINITIALIZED_AUTOS = YES_AGGRESSIVE;
				GCC_WARN_UNUSED_FUNCTION = YES;
				GCC_WARN_UNUSED_VARIABLE = YES;
				IPHONEOS_DEPLOYMENT_TARGET = 16.2;
				MTL_ENABLE_DEBUG_INFO = INCLUDE_SOURCE;
				MTL_FAST_MATH = YES;
				ONLY_ACTIVE_ARCH = YES;
				SDKROOT = iphoneos;
				SWIFT_ACTIVE_COMPILATION_CONDITIONS = DEBUG;
				SWIFT_OPTIMIZATION_LEVEL = "-Onone";
			};
			name = Debug;
		};
		5276A79B2A25E2750087C60F /* Release */ = {
			isa = XCBuildConfiguration;
			buildSettings = {
				ALWAYS_SEARCH_USER_PATHS = NO;
				CLANG_ANALYZER_NONNULL = YES;
				CLANG_ANALYZER_NUMBER_OBJECT_CONVERSION = YES_AGGRESSIVE;
				CLANG_CXX_LANGUAGE_STANDARD = "gnu++20";
				CLANG_ENABLE_MODULES = YES;
				CLANG_ENABLE_OBJC_ARC = YES;
				CLANG_ENABLE_OBJC_WEAK = YES;
				CLANG_WARN_BLOCK_CAPTURE_AUTORELEASING = YES;
				CLANG_WARN_BOOL_CONVERSION = YES;
				CLANG_WARN_COMMA = YES;
				CLANG_WARN_CONSTANT_CONVERSION = YES;
				CLANG_WARN_DEPRECATED_OBJC_IMPLEMENTATIONS = YES;
				CLANG_WARN_DIRECT_OBJC_ISA_USAGE = YES_ERROR;
				CLANG_WARN_DOCUMENTATION_COMMENTS = YES;
				CLANG_WARN_EMPTY_BODY = YES;
				CLANG_WARN_ENUM_CONVERSION = YES;
				CLANG_WARN_INFINITE_RECURSION = YES;
				CLANG_WARN_INT_CONVERSION = YES;
				CLANG_WARN_NON_LITERAL_NULL_CONVERSION = YES;
				CLANG_WARN_OBJC_IMPLICIT_RETAIN_SELF = YES;
				CLANG_WARN_OBJC_LITERAL_CONVERSION = YES;
				CLANG_WARN_OBJC_ROOT_CLASS = YES_ERROR;
				CLANG_WARN_QUOTED_INCLUDE_IN_FRAMEWORK_HEADER = YES;
				CLANG_WARN_RANGE_LOOP_ANALYSIS = YES;
				CLANG_WARN_STRICT_PROTOTYPES = YES;
				CLANG_WARN_SUSPICIOUS_MOVE = YES;
				CLANG_WARN_UNGUARDED_AVAILABILITY = YES_AGGRESSIVE;
				CLANG_WARN_UNREACHABLE_CODE = YES;
				CLANG_WARN__DUPLICATE_METHOD_MATCH = YES;
				COPY_PHASE_STRIP = NO;
				DEBUG_INFORMATION_FORMAT = "dwarf-with-dsym";
				ENABLE_NS_ASSERTIONS = NO;
				ENABLE_STRICT_OBJC_MSGSEND = YES;
				GCC_C_LANGUAGE_STANDARD = gnu11;
				GCC_NO_COMMON_BLOCKS = YES;
				GCC_WARN_64_TO_32_BIT_CONVERSION = YES;
				GCC_WARN_ABOUT_RETURN_TYPE = YES_ERROR;
				GCC_WARN_UNDECLARED_SELECTOR = YES;
				GCC_WARN_UNINITIALIZED_AUTOS = YES_AGGRESSIVE;
				GCC_WARN_UNUSED_FUNCTION = YES;
				GCC_WARN_UNUSED_VARIABLE = YES;
				IPHONEOS_DEPLOYMENT_TARGET = 16.2;
				MTL_ENABLE_DEBUG_INFO = NO;
				MTL_FAST_MATH = YES;
				SDKROOT = iphoneos;
				SWIFT_COMPILATION_MODE = wholemodule;
				SWIFT_OPTIMIZATION_LEVEL = "-O";
				VALIDATE_PRODUCT = YES;
			};
			name = Release;
		};
		5276A79D2A25E2750087C60F /* Debug */ = {
			isa = XCBuildConfiguration;
			buildSettings = {
				ASSETCATALOG_COMPILER_APPICON_NAME = AppIcon;
				ASSETCATALOG_COMPILER_GLOBAL_ACCENT_COLOR_NAME = AccentColor;
				CODE_SIGN_STYLE = Automatic;
				CURRENT_PROJECT_VERSION = 1;
				DEVELOPMENT_ASSET_PATHS = "\"Touchdown/Preview Content\"";
				DEVELOPMENT_TEAM = S26S2NK5MN;
				ENABLE_PREVIEWS = YES;
				GENERATE_INFOPLIST_FILE = YES;
				INFOPLIST_FILE = Touchdown/Info.plist;
				INFOPLIST_KEY_UIApplicationSceneManifest_Generation = YES;
				INFOPLIST_KEY_UIApplicationSupportsIndirectInputEvents = YES;
				INFOPLIST_KEY_UISupportedInterfaceOrientations = "UIInterfaceOrientationLandscapeLeft UIInterfaceOrientationLandscapeRight UIInterfaceOrientationPortrait";
				INFOPLIST_KEY_UISupportedInterfaceOrientations_iPad = UIInterfaceOrientationPortrait;
				INFOPLIST_KEY_UIUserInterfaceStyle = Light;
				LD_RUNPATH_SEARCH_PATHS = (
					"$(inherited)",
					"@executable_path/Frameworks",
				);
				MARKETING_VERSION = 1.0;
				PRODUCT_BUNDLE_IDENTIFIER = com.bob.Touchdown;
				PRODUCT_NAME = "$(TARGET_NAME)";
				SWIFT_EMIT_LOC_STRINGS = YES;
				SWIFT_VERSION = 5.0;
				TARGETED_DEVICE_FAMILY = "1,2";
			};
			name = Debug;
		};
		5276A79E2A25E2750087C60F /* Release */ = {
			isa = XCBuildConfiguration;
			buildSettings = {
				ASSETCATALOG_COMPILER_APPICON_NAME = AppIcon;
				ASSETCATALOG_COMPILER_GLOBAL_ACCENT_COLOR_NAME = AccentColor;
				CODE_SIGN_STYLE = Automatic;
				CURRENT_PROJECT_VERSION = 1;
				DEVELOPMENT_ASSET_PATHS = "\"Touchdown/Preview Content\"";
				DEVELOPMENT_TEAM = S26S2NK5MN;
				ENABLE_PREVIEWS = YES;
				GENERATE_INFOPLIST_FILE = YES;
				INFOPLIST_FILE = Touchdown/Info.plist;
				INFOPLIST_KEY_UIApplicationSceneManifest_Generation = YES;
				INFOPLIST_KEY_UIApplicationSupportsIndirectInputEvents = YES;
				INFOPLIST_KEY_UISupportedInterfaceOrientations = "UIInterfaceOrientationLandscapeLeft UIInterfaceOrientationLandscapeRight UIInterfaceOrientationPortrait";
				INFOPLIST_KEY_UISupportedInterfaceOrientations_iPad = UIInterfaceOrientationPortrait;
				INFOPLIST_KEY_UIUserInterfaceStyle = Light;
				LD_RUNPATH_SEARCH_PATHS = (
					"$(inherited)",
					"@executable_path/Frameworks",
				);
				MARKETING_VERSION = 1.0;
				PRODUCT_BUNDLE_IDENTIFIER = com.bob.Touchdown;
				PRODUCT_NAME = "$(TARGET_NAME)";
				SWIFT_EMIT_LOC_STRINGS = YES;
				SWIFT_VERSION = 5.0;
				TARGETED_DEVICE_FAMILY = "1,2";
			};
			name = Release;
		};
/* End XCBuildConfiguration section */

/* Begin XCConfigurationList section */
		5276A7892A25E2720087C60F /* Build configuration list for PBXProject "Touchdown" */ = {
			isa = XCConfigurationList;
			buildConfigurations = (
				5276A79A2A25E2750087C60F /* Debug */,
				5276A79B2A25E2750087C60F /* Release */,
			);
			defaultConfigurationIsVisible = 0;
			defaultConfigurationName = Release;
		};
		5276A79C2A25E2750087C60F /* Build configuration list for PBXNativeTarget "Touchdown" */ = {
			isa = XCConfigurationList;
			buildConfigurations = (
				5276A79D2A25E2750087C60F /* Debug */,
				5276A79E2A25E2750087C60F /* Release */,
			);
			defaultConfigurationIsVisible = 0;
			defaultConfigurationName = Release;
		};
/* End XCConfigurationList section */
	};
	rootObject = 5276A7862A25E2720087C60F /* Project object */;
}
